
Microsoft Visual Studio Solution File, Format Version 12.00
# Visual Studio Version 17
VisualStudioVersion = 17.4.33205.214
MinimumVisualStudioVersion = 10.0.40219.1
Project("{FAE04EC0-301F-11D3-BF4B-00C04F79EFBC}") = "AulaOO", "AulaOO\AulaOO.csproj", "{6E4AA20E-287A-4AB2-8A04-1D8B8401EA97}"
EndProject
Global
	GlobalSection(SolutionConfigurationPlatforms) = preSolution
		Debug|Any CPU = Debug|Any CPU
		Release|Any CPU = Release|Any CPU
	EndGlobalSection
	GlobalSection(ProjectConfigurationPlatforms) = postSolution
		{6E4AA20E-287A-4AB2-8A04-1D8B8401EA97}.Debug|Any CPU.ActiveCfg = Debug|Any CPU
		{6E4AA20E-287A-4AB2-8A04-1D8B8401EA97}.Debug|Any CPU.Build.0 = Debug|Any CPU
		{6E4AA20E-287A-4AB2-8A04-1D8B8401EA97}.Release|Any CPU.ActiveCfg = Release|Any CPU
		{6E4AA20E-287A-4AB2-8A04-1D8B8401EA97}.Release|Any CPU.Build.0 = Release|Any CPU
	EndGlobalSection
	GlobalSection(SolutionProperties) = preSolution
		HideSolutionNode = FALSE
	EndGlobalSection
	GlobalSection(ExtensibilityGlobals) = postSolution
		SolutionGuid = {EF18E11D-46E9-44CE-8BE0-BFDBEDA006DE}
	EndGlobalSection
EndGlobal
